
Microsoft Visual Studio Solution File, Format Version 12.00
# Visual Studio 15
VisualStudioVersion = 15.0.27703.2018
MinimumVisualStudioVersion = 10.0.40219.1
Project("{8BC9CEB8-8B4A-11D0-8D11-00A0C91BC942}") = "ConsoleInputOutput", "ConsoleInputOutput\ConsoleInputOutput.vcxproj", "{5B4EA8EF-83B8-424B-8CEA-ADD9B8101BF0}"
EndProject
Global
	GlobalSection(SolutionConfigurationPlatforms) = preSolution
		Debug|x64 = Debug|x64
		Debug|x86 = Debug|x86
		Release|x64 = Release|x64
		Release|x86 = Release|x86
	EndGlobalSection
	GlobalSection(ProjectConfigurationPlatforms) = postSolution
		{5B4EA8EF-83B8-424B-8CEA-ADD9B8101BF0}.Debug|x64.ActiveCfg = Debug|x64
		{5B4EA8EF-83B8-424B-8CEA-ADD9B8101BF0}.Debug|x64.Build.0 = Debug|x64
		{5B4EA8EF-83B8-424B-8CEA-ADD9B8101BF0}.Debug|x86.ActiveCfg = Debug|Win32
		{5B4EA8EF-83B8-424B-8CEA-ADD9B8101BF0}.Debug|x86.Build.0 = Debug|Win32
		{5B4EA8EF-83B8-424B-8CEA-ADD9B8101BF0}.Release|x64.ActiveCfg = Release|x64
		{5B4EA8EF-83B8-424B-8CEA-ADD9B8101BF0}.Release|x64.Build.0 = Release|x64
		{5B4EA8EF-83B8-424B-8CEA-ADD9B8101BF0}.Release|x86.ActiveCfg = Release|Win32
		{5B4EA8EF-83B8-424B-8CEA-ADD9B8101BF0}.Release|x86.Build.0 = Release|Win32
	EndGlobalSection
	GlobalSection(SolutionProperties) = preSolution
		HideSolutionNode = FALSE
	EndGlobalSection
	GlobalSection(ExtensibilityGlobals) = postSolution
		SolutionGuid = {63A3C396-8D64-4813-ADB9-C5FEC12FAA69}
	EndGlobalSection
EndGlobal
